{
    "_readme": [
        "This file locks the dependencies of your project to a known state",
        "Read more about it at https://getcomposer.org/doc/01-basic-usage.md#composer-lock-the-lock-file",
        "This file is @generated automatically"
    ],
    "content-hash": "36d34e35ed6108a205dd485be1338e6c",
    "packages": [
        {
            "name": "corviz/framework",
            "version": "dev-feature/database_access",
            "source": {
                "type": "git",
                "url": "https://github.com/Corviz/framework.git",
                "reference": "330f0485639b182e6d76fd32853c8a89e0c01175"
            },
            "dist": {
                "type": "zip",
                "url": "https://api.github.com/repos/Corviz/framework/zipball/330f0485639b182e6d76fd32853c8a89e0c01175",
                "reference": "330f0485639b182e6d76fd32853c8a89e0c01175",
                "shasum": ""
            },
            "require": {
                "php": ">=7"
            },
            "require-dev": {
                "phpunit/phpunit": ">=5.4"
            },
            "type": "library",
            "autoload": {
                "psr-4": {
                    "Corviz\\": "./src"
                }
            },
            "notification-url": "https://packagist.org/downloads/",
            "license": [
                "MIT"
            ],
            "description": "Low weight php framework",
            "time": "2017-08-23 14:10:17"
        }
    ],
    "packages-dev": [],
    "aliases": [],
    "minimum-stability": "stable",
    "stability-flags": {
        "corviz/framework": 20
    },
    "prefer-stable": false,
    "prefer-lowest": false,
    "platform": [],
    "platform-dev": []
}
